// !$*UTF8*$!
{
	archiveVersion = 1;
	classes = {
	};
	objectVersion = 46;
	objects = {

/* Begin PBXBuildFile section */
		E52579C713CDDA1200BDC69D /* Foundation.framework in Frameworks */ = {isa = PBXBuildFile; fileRef = E52579C613CDDA1200BDC69D /* Foundation.framework */; };
		E52579C913CDDA1200BDC69D /* UIKit.framework in Frameworks */ = {isa = PBXBuildFile; fileRef = E52579C813CDDA1200BDC69D /* UIKit.framework */; };
		E52579CB13CDDA1200BDC69D /* CoreGraphics.framework in Frameworks */ = {isa = PBXBuildFile; fileRef = E52579CA13CDDA1200BDC69D /* CoreGraphics.framework */; };
		E52579CD13CDDA1200BDC69D /* AddressBook.framework in Frameworks */ = {isa = PBXBuildFile; fileRef = E52579CC13CDDA1200BDC69D /* AddressBook.framework */; };
		E52579CF13CDDA1200BDC69D /* AddressBookUI.framework in Frameworks */ = {isa = PBXBuildFile; fileRef = E52579CE13CDDA1200BDC69D /* AddressBookUI.framework */; };
		E52579D113CDDA1200BDC69D /* AudioToolbox.framework in Frameworks */ = {isa = PBXBuildFile; fileRef = E52579D013CDDA1200BDC69D /* AudioToolbox.framework */; };
		E52579D313CDDA1200BDC69D /* AVFoundation.framework in Frameworks */ = {isa = PBXBuildFile; fileRef = E52579D213CDDA1200BDC69D /* AVFoundation.framework */; };
		E52579D513CDDA1200BDC69D /* CoreLocation.framework in Frameworks */ = {isa = PBXBuildFile; fileRef = E52579D413CDDA1200BDC69D /* CoreLocation.framework */; };
		E52579D713CDDA1200BDC69D /* MediaPlayer.framework in Frameworks */ = {isa = PBXBuildFile; fileRef = E52579D613CDDA1200BDC69D /* MediaPlayer.framework */; };
		E52579D913CDDA1200BDC69D /* QuartzCore.framework in Frameworks */ = {isa = PBXBuildFile; fileRef = E52579D813CDDA1200BDC69D /* QuartzCore.framework */; };
		E52579DB13CDDA1200BDC69D /* SystemConfiguration.framework in Frameworks */ = {isa = PBXBuildFile; fileRef = E52579DA13CDDA1200BDC69D /* SystemConfiguration.framework */; };
		E52579DD13CDDA1200BDC69D /* MobileCoreServices.framework in Frameworks */ = {isa = PBXBuildFile; fileRef = E52579DC13CDDA1200BDC69D /* MobileCoreServices.framework */; };
		E52579DF13CDDA1200BDC69D /* CoreMedia.framework in Frameworks */ = {isa = PBXBuildFile; fileRef = E52579DE13CDDA1200BDC69D /* CoreMedia.framework */; };
		E52579E513CDDA1200BDC69D /* InfoPlist.strings in Resources */ = {isa = PBXBuildFile; fileRef = E52579E313CDDA1200BDC69D /* InfoPlist.strings */; };
		E52579E713CDDA1200BDC69D /* main.m in Sources */ = {isa = PBXBuildFile; fileRef = E52579E613CDDA1200BDC69D /* main.m */; };
		E52579EA13CDDA1200BDC69D /* PhoneGap.framework in Frameworks */ = {isa = PBXBuildFile; fileRef = E52579E913CDDA1200BDC69D /* PhoneGap.framework */; };
		E52579EE13CDDA1300BDC69D /* icon.png in Resources */ = {isa = PBXBuildFile; fileRef = E52579ED13CDDA1300BDC69D /* icon.png */; };
		E52579F013CDDA1300BDC69D /* icon@2x.png in Resources */ = {isa = PBXBuildFile; fileRef = E52579EF13CDDA1300BDC69D /* icon@2x.png */; };
		E52579F213CDDA1300BDC69D /* icon-72.png in Resources */ = {isa = PBXBuildFile; fileRef = E52579F113CDDA1300BDC69D /* icon-72.png */; };
		E52579F513CDDA1300BDC69D /* Default.png in Resources */ = {isa = PBXBuildFile; fileRef = E52579F413CDDA1300BDC69D /* Default.png */; };
		E52579F713CDDA1300BDC69D /* Default@2x.png in Resources */ = {isa = PBXBuildFile; fileRef = E52579F613CDDA1300BDC69D /* Default@2x.png */; };
		E52579F913CDDA1300BDC69D /* Default~ipad.png in Resources */ = {isa = PBXBuildFile; fileRef = E52579F813CDDA1300BDC69D /* Default~ipad.png */; };
		E52579FB13CDDA1300BDC69D /* Capture.bundle in Resources */ = {isa = PBXBuildFile; fileRef = E52579FA13CDDA1300BDC69D /* Capture.bundle */; };
		E52579FD13CDDA1300BDC69D /* PhoneGap.plist in Resources */ = {isa = PBXBuildFile; fileRef = E52579FC13CDDA1300BDC69D /* PhoneGap.plist */; };
		E5257A0113CDDA1300BDC69D /* AppDelegate.m in Sources */ = {isa = PBXBuildFile; fileRef = E5257A0013CDDA1300BDC69D /* AppDelegate.m */; };
/* End PBXBuildFile section */

/* Begin PBXFileReference section */
		E52579C213CDDA1200BDC69D /* camera_demo.app */ = {isa = PBXFileReference; explicitFileType = wrapper.application; includeInIndex = 0; path = camera_demo.app; sourceTree = BUILT_PRODUCTS_DIR; };
		E52579C613CDDA1200BDC69D /* Foundation.framework */ = {isa = PBXFileReference; lastKnownFileType = wrapper.framework; name = Foundation.framework; path = System/Library/Frameworks/Foundation.framework; sourceTree = SDKROOT; };
		E52579C813CDDA1200BDC69D /* UIKit.framework */ = {isa = PBXFileReference; lastKnownFileType = wrapper.framework; name = UIKit.framework; path = System/Library/Frameworks/UIKit.framework; sourceTree = SDKROOT; };
		E52579CA13CDDA1200BDC69D /* CoreGraphics.framework */ = {isa = PBXFileReference; lastKnownFileType = wrapper.framework; name = CoreGraphics.framework; path = System/Library/Frameworks/CoreGraphics.framework; sourceTree = SDKROOT; };
		E52579CC13CDDA1200BDC69D /* AddressBook.framework */ = {isa = PBXFileReference; lastKnownFileType = wrapper.framework; name = AddressBook.framework; path = System/Library/Frameworks/AddressBook.framework; sourceTree = SDKROOT; };
		E52579CE13CDDA1200BDC69D /* AddressBookUI.framework */ = {isa = PBXFileReference; lastKnownFileType = wrapper.framework; name = AddressBookUI.framework; path = System/Library/Frameworks/AddressBookUI.framework; sourceTree = SDKROOT; };
		E52579D013CDDA1200BDC69D /* AudioToolbox.framework */ = {isa = PBXFileReference; lastKnownFileType = wrapper.framework; name = AudioToolbox.framework; path = System/Library/Frameworks/AudioToolbox.framework; sourceTree = SDKROOT; };
		E52579D213CDDA1200BDC69D /* AVFoundation.framework */ = {isa = PBXFileReference; lastKnownFileType = wrapper.framework; name = AVFoundation.framework; path = System/Library/Frameworks/AVFoundation.framework; sourceTree = SDKROOT; };
		E52579D413CDDA1200BDC69D /* CoreLocation.framework */ = {isa = PBXFileReference; lastKnownFileType = wrapper.framework; name = CoreLocation.framework; path = System/Library/Frameworks/CoreLocation.framework; sourceTree = SDKROOT; };
		E52579D613CDDA1200BDC69D /* MediaPlayer.framework */ = {isa = PBXFileReference; lastKnownFileType = wrapper.framework; name = MediaPlayer.framework; path = System/Library/Frameworks/MediaPlayer.framework; sourceTree = SDKROOT; };
		E52579D813CDDA1200BDC69D /* QuartzCore.framework */ = {isa = PBXFileReference; lastKnownFileType = wrapper.framework; name = QuartzCore.framework; path = System/Library/Frameworks/QuartzCore.framework; sourceTree = SDKROOT; };
		E52579DA13CDDA1200BDC69D /* SystemConfiguration.framework */ = {isa = PBXFileReference; lastKnownFileType = wrapper.framework; name = SystemConfiguration.framework; path = System/Library/Frameworks/SystemConfiguration.framework; sourceTree = SDKROOT; };
		E52579DC13CDDA1200BDC69D /* MobileCoreServices.framework */ = {isa = PBXFileReference; lastKnownFileType = wrapper.framework; name = MobileCoreServices.framework; path = System/Library/Frameworks/MobileCoreServices.framework; sourceTree = SDKROOT; };
		E52579DE13CDDA1200BDC69D /* CoreMedia.framework */ = {isa = PBXFileReference; lastKnownFileType = wrapper.framework; name = CoreMedia.framework; path = System/Library/Frameworks/CoreMedia.framework; sourceTree = SDKROOT; };
		E52579E213CDDA1200BDC69D /* camera_demo-Info.plist */ = {isa = PBXFileReference; path = "camera_demo-Info.plist"; sourceTree = "<group>"; };
		E52579E413CDDA1200BDC69D /* en */ = {isa = PBXFileReference; lastKnownFileType = text.plist.strings; name = en; path = en.lproj/InfoPlist.strings; sourceTree = "<group>"; };
		E52579E613CDDA1200BDC69D /* main.m */ = {isa = PBXFileReference; lastKnownFileType = sourcecode.c.objc; path = main.m; sourceTree = "<group>"; };
		E52579E813CDDA1200BDC69D /* camera_demo-Prefix.pch */ = {isa = PBXFileReference; path = "camera_demo-Prefix.pch"; sourceTree = "<group>"; };
		E52579E913CDDA1200BDC69D /* PhoneGap.framework */ = {isa = PBXFileReference; lastKnownFileType = wrapper.framework; name = PhoneGap.framework; path = /Users/Shared/PhoneGap/Frameworks/PhoneGap.framework; sourceTree = "<absolute>"; };
		E52579ED13CDDA1300BDC69D /* icon.png */ = {isa = PBXFileReference; lastKnownFileType = image.png; name = icon.png; path = Resources/icons/icon.png; sourceTree = "<group>"; };
		E52579EF13CDDA1300BDC69D /* icon@2x.png */ = {isa = PBXFileReference; lastKnownFileType = image.png; name = "icon@2x.png"; path = "Resources/icons/icon@2x.png"; sourceTree = "<group>"; };
		E52579F113CDDA1300BDC69D /* icon-72.png */ = {isa = PBXFileReference; lastKnownFileType = image.png; name = "icon-72.png"; path = "Resources/icons/icon-72.png"; sourceTree = "<group>"; };
		E52579F413CDDA1300BDC69D /* Default.png */ = {isa = PBXFileReference; lastKnownFileType = image.png; name = Default.png; path = Resources/splash/Default.png; sourceTree = "<group>"; };
		E52579F613CDDA1300BDC69D /* Default@2x.png */ = {isa = PBXFileReference; lastKnownFileType = image.png; name = "Default@2x.png"; path = "Resources/splash/Default@2x.png"; sourceTree = "<group>"; };
		E52579F813CDDA1300BDC69D /* Default~ipad.png */ = {isa = PBXFileReference; lastKnownFileType = image.png; name = "Default~ipad.png"; path = "Resources/splash/Default~ipad.png"; sourceTree = "<group>"; };
		E52579FA13CDDA1300BDC69D /* Capture.bundle */ = {isa = PBXFileReference; lastKnownFileType = "wrapper.plug-in"; name = Capture.bundle; path = Resources/Capture.bundle; sourceTree = "<group>"; };
		E52579FC13CDDA1300BDC69D /* PhoneGap.plist */ = {isa = PBXFileReference; lastKnownFileType = text.plist.xml; path = PhoneGap.plist; sourceTree = "<group>"; };
		E52579FF13CDDA1300BDC69D /* AppDelegate.h */ = {isa = PBXFileReference; name = AppDelegate.h; path = Classes/AppDelegate.h; sourceTree = "<group>"; };
		E5257A0013CDDA1300BDC69D /* AppDelegate.m */ = {isa = PBXFileReference; lastKnownFileType = sourcecode.c.objc; name = AppDelegate.m; path = Classes/AppDelegate.m; sourceTree = "<group>"; };
		E5257A0313CDDA1400BDC69D /* README */ = {isa = PBXFileReference; name = README; path = Plugins/README; sourceTree = "<group>"; };
/* End PBXFileReference section */

/* Begin PBXFrameworksBuildPhase section */
		E52579BC13CDDA1200BDC69D /* Frameworks */ = {
			isa = PBXFrameworksBuildPhase;
			buildActionMask = 2147483647;
			files = (
				E52579C713CDDA1200BDC69D /* Foundation.framework in Frameworks */,
				E52579C913CDDA1200BDC69D /* UIKit.framework in Frameworks */,
				E52579CB13CDDA1200BDC69D /* CoreGraphics.framework in Frameworks */,
				E52579CD13CDDA1200BDC69D /* AddressBook.framework in Frameworks */,
				E52579CF13CDDA1200BDC69D /* AddressBookUI.framework in Frameworks */,
				E52579D113CDDA1200BDC69D /* AudioToolbox.framework in Frameworks */,
				E52579D313CDDA1200BDC69D /* AVFoundation.framework in Frameworks */,
				E52579D513CDDA1200BDC69D /* CoreLocation.framework in Frameworks */,
				E52579D713CDDA1200BDC69D /* MediaPlayer.framework in Frameworks */,
				E52579D913CDDA1200BDC69D /* QuartzCore.framework in Frameworks */,
				E52579DB13CDDA1200BDC69D /* SystemConfiguration.framework in Frameworks */,
				E52579DD13CDDA1200BDC69D /* MobileCoreServices.framework in Frameworks */,
				E52579DF13CDDA1200BDC69D /* CoreMedia.framework in Frameworks */,
				E52579EA13CDDA1200BDC69D /* PhoneGap.framework in Frameworks */,
			);
			runOnlyForDeploymentPostprocessing = 0;
		};
		E52579BF13CDDA1200BDC69D /* Frameworks */ = {
			isa = PBXFrameworksBuildPhase;
			buildActionMask = 2147483647;
			files = (
			);
			runOnlyForDeploymentPostprocessing = 0;
		};
/* End PBXFrameworksBuildPhase section */

/* Begin PBXGroup section */
		E52579B413CDDA1200BDC69D = {
			isa = PBXGroup;
			children = (
				E52579E013CDDA1200BDC69D /* camera_demo */,
				E52579C513CDDA1200BDC69D /* Frameworks */,
				E52579C313CDDA1200BDC69D /* Products */,
			);
			sourceTree = "<group>";
		};
		E52579C313CDDA1200BDC69D /* Products */ = {
			isa = PBXGroup;
			children = (
				E52579C213CDDA1200BDC69D /* camera_demo.app */,
			);
			name = Products;
			sourceTree = "<group>";
		};
		E52579C513CDDA1200BDC69D /* Frameworks */ = {
			isa = PBXGroup;
			children = (
				E52579C613CDDA1200BDC69D /* Foundation.framework */,
				E52579C813CDDA1200BDC69D /* UIKit.framework */,
				E52579CA13CDDA1200BDC69D /* CoreGraphics.framework */,
				E52579CC13CDDA1200BDC69D /* AddressBook.framework */,
				E52579CE13CDDA1200BDC69D /* AddressBookUI.framework */,
				E52579D013CDDA1200BDC69D /* AudioToolbox.framework */,
				E52579D213CDDA1200BDC69D /* AVFoundation.framework */,
				E52579D413CDDA1200BDC69D /* CoreLocation.framework */,
				E52579D613CDDA1200BDC69D /* MediaPlayer.framework */,
				E52579D813CDDA1200BDC69D /* QuartzCore.framework */,
				E52579DA13CDDA1200BDC69D /* SystemConfiguration.framework */,
				E52579DC13CDDA1200BDC69D /* MobileCoreServices.framework */,
				E52579DE13CDDA1200BDC69D /* CoreMedia.framework */,
			);
			name = Frameworks;
			sourceTree = "<group>";
		};
		E52579E013CDDA1200BDC69D /* camera_demo */ = {
			isa = PBXGroup;
			children = (
				E52579E913CDDA1200BDC69D /* PhoneGap.framework */,
				E52579EB13CDDA1300BDC69D /* Resources */,
				E52579FE13CDDA1300BDC69D /* Classes */,
				E5257A0213CDDA1400BDC69D /* Plugins */,
				E52579E113CDDA1200BDC69D /* Supporting Files */,
			);
			path = camera_demo;
			sourceTree = "<group>";
		};
		E52579E113CDDA1200BDC69D /* Supporting Files */ = {
			isa = PBXGroup;
			children = (
				E52579E213CDDA1200BDC69D /* camera_demo-Info.plist */,
				E52579E313CDDA1200BDC69D /* InfoPlist.strings */,
				E52579E613CDDA1200BDC69D /* main.m */,
				E52579E813CDDA1200BDC69D /* camera_demo-Prefix.pch */,
				E52579FC13CDDA1300BDC69D /* PhoneGap.plist */,
			);
			name = "Supporting Files";
			sourceTree = "<group>";
		};
		E52579EB13CDDA1300BDC69D /* Resources */ = {
			isa = PBXGroup;
			children = (
				E52579FA13CDDA1300BDC69D /* Capture.bundle */,
				E52579EC13CDDA1300BDC69D /* icons */,
				E52579F313CDDA1300BDC69D /* splash */,
			);
			name = Resources;
			sourceTree = "<group>";
		};
		E52579EC13CDDA1300BDC69D /* icons */ = {
			isa = PBXGroup;
			children = (
				E52579ED13CDDA1300BDC69D /* icon.png */,
				E52579EF13CDDA1300BDC69D /* icon@2x.png */,
				E52579F113CDDA1300BDC69D /* icon-72.png */,
			);
			name = icons;
			sourceTree = "<group>";
		};
		E52579F313CDDA1300BDC69D /* splash */ = {
			isa = PBXGroup;
			children = (
				E52579F413CDDA1300BDC69D /* Default.png */,
				E52579F613CDDA1300BDC69D /* Default@2x.png */,
				E52579F813CDDA1300BDC69D /* Default~ipad.png */,
			);
			name = splash;
			sourceTree = "<group>";
		};
		E52579FE13CDDA1300BDC69D /* Classes */ = {
			isa = PBXGroup;
			children = (
				E52579FF13CDDA1300BDC69D /* AppDelegate.h */,
				E5257A0013CDDA1300BDC69D /* AppDelegate.m */,
			);
			name = Classes;
			sourceTree = "<group>";
		};
		E5257A0213CDDA1400BDC69D /* Plugins */ = {
			isa = PBXGroup;
			children = (
				E5257A0313CDDA1400BDC69D /* README */,
			);
			name = Plugins;
			sourceTree = "<group>";
		};
/* End PBXGroup section */

/* Begin PBXNativeTarget section */
		E52579C113CDDA1200BDC69D /* camera_demo */ = {
			isa = PBXNativeTarget;
			buildConfigurationList = E5257A0613CDDA1400BDC69D /* Build configuration list for PBXNativeTarget "camera_demo" */;
			buildPhases = (
				E52579BB13CDDA1200BDC69D /* Sources */,
				E52579BC13CDDA1200BDC69D /* Frameworks */,
				E52579BD13CDDA1200BDC69D /* Resources */,
				E52579BE13CDDA1200BDC69D /* Sources */,
				E52579BF13CDDA1200BDC69D /* Frameworks */,
				E52579C013CDDA1200BDC69D /* ShellScript */,
			);
			buildRules = (
			);
			dependencies = (
			);
			name = camera_demo;
			productName = camera_demo;
			productReference = E52579C213CDDA1200BDC69D /* camera_demo.app */;
			productType = "com.apple.product-type.application";
		};
/* End PBXNativeTarget section */

/* Begin PBXProject section */
		E52579B613CDDA1200BDC69D /* Project object */ = {
			isa = PBXProject;
			buildConfigurationList = E52579B913CDDA1200BDC69D /* Build configuration list for PBXProject "camera_demo" */;
			compatibilityVersion = "Xcode 3.2";
			developmentRegion = English;
			hasScannedForEncodings = 0;
			knownRegions = (
				en,
			);
			mainGroup = E52579B413CDDA1200BDC69D;
			productRefGroup = E52579C313CDDA1200BDC69D /* Products */;
			projectDirPath = "";
			projectRoot = "";
			targets = (
				E52579C113CDDA1200BDC69D /* camera_demo */,
			);
		};
/* End PBXProject section */

/* Begin PBXResourcesBuildPhase section */
		E52579BD13CDDA1200BDC69D /* Resources */ = {
			isa = PBXResourcesBuildPhase;
			buildActionMask = 2147483647;
			files = (
				E52579E513CDDA1200BDC69D /* InfoPlist.strings in Resources */,
				E52579EE13CDDA1300BDC69D /* icon.png in Resources */,
				E52579F013CDDA1300BDC69D /* icon@2x.png in Resources */,
				E52579F213CDDA1300BDC69D /* icon-72.png in Resources */,
				E52579F513CDDA1300BDC69D /* Default.png in Resources */,
				E52579F713CDDA1300BDC69D /* Default@2x.png in Resources */,
				E52579F913CDDA1300BDC69D /* Default~ipad.png in Resources */,
				E52579FB13CDDA1300BDC69D /* Capture.bundle in Resources */,
				E52579FD13CDDA1300BDC69D /* PhoneGap.plist in Resources */,
			);
			runOnlyForDeploymentPostprocessing = 0;
		};
/* End PBXResourcesBuildPhase section */

/* Begin PBXShellScriptBuildPhase section */
		E52579C013CDDA1200BDC69D /* ShellScript */ = {
			isa = PBXShellScriptBuildPhase;
			buildActionMask = 2147483647;
			files = (
			);
			inputPaths = (
			);
			outputPaths = (
			);
			runOnlyForDeploymentPostprocessing = 0;
			shellPath = /bin/bash;
			shellScript = "\n\t\t\t\t\t\t\t\tif [ ! -d \"$PROJECT_DIR/www\" ] ; then\n\t\t\t\t\t\t\t\t\tcp -R /Users/Shared/PhoneGap/Frameworks/PhoneGap.framework/www \"$PROJECT_DIR\"\n\t\t\t\t\t\t\t\tfi\n\t\t\t\t\t\t\t\t# detect www folder reference in project, if missing, print warning\n\t\t\t\t\t\t\t\tgrep \"{isa = PBXFileReference; lastKnownFileType = folder; path = www; sourceTree = \\\"<group>\\\"; };\" \"$PROJECT_DIR/$PROJECT_NAME.xcodeproj/project.pbxproj\"\n\t\t\t\t\t\t\t\trc=$? \n\t\t\t\t\t\t\t\tif [ $rc != 0 ] ; then\n\t\t\t\t\t\t\t\techo -e \"warning: Missing - Add $PROJECT_DIR/www as a folder reference in your project. Just drag and drop the folder into your project, in Xcode 4.\" 1>&2\n\t\t\t\t\t\t\t\tfi\t\t\t\t\t\t\t";
		};
/* End PBXShellScriptBuildPhase section */

/* Begin PBXSourcesBuildPhase section */
		E52579BB13CDDA1200BDC69D /* Sources */ = {
			isa = PBXSourcesBuildPhase;
			buildActionMask = 2147483647;
			files = (
				E52579E713CDDA1200BDC69D /* main.m in Sources */,
				E5257A0113CDDA1300BDC69D /* AppDelegate.m in Sources */,
			);
			runOnlyForDeploymentPostprocessing = 0;
		};
		E52579BE13CDDA1200BDC69D /* Sources */ = {
			isa = PBXSourcesBuildPhase;
			buildActionMask = 2147483647;
			files = (
			);
			runOnlyForDeploymentPostprocessing = 0;
		};
/* End PBXSourcesBuildPhase section */

/* Begin PBXVariantGroup section */
		E52579E313CDDA1200BDC69D /* InfoPlist.strings */ = {
			isa = PBXVariantGroup;
			children = (
				E52579E413CDDA1200BDC69D /* en */,
			);
			name = InfoPlist.strings;
			sourceTree = "<group>";
		};
/* End PBXVariantGroup section */

/* Begin XCBuildConfiguration section */
		E5257A0413CDDA1400BDC69D /* Debug */ = {
			isa = XCBuildConfiguration;
			buildSettings = {
				ALWAYS_SEARCH_USER_PATHS = NO;
				ARCHS = "$(ARCHS_STANDARD_32_BIT)";
				CLANG_ENABLE_OBJC_ARC = YES;
				"CODE_SIGN_IDENTITY[sdk=iphoneos*]" = "iPhone Developer";
				COPY_PHASE_STRIP = NO;
				GCC_C_LANGUAGE_STANDARD = gnu99;
				GCC_DYNAMIC_NO_PIC = NO;
				GCC_OPTIMIZATION_LEVEL = 0;
				GCC_PREPROCESSOR_DEFINITIONS = (
					"DEBUG=1",
					"$(inherited)",
				);
				GCC_SYMBOLS_PRIVATE_EXTERN = NO;
				GCC_VERSION = com.apple.compilers.llvmgcc42;
				GCC_WARN_ABOUT_MISSING_PROTOTYPES = YES;
				GCC_WARN_ABOUT_RETURN_TYPE = YES;
				GCC_WARN_UNUSED_VARIABLE = YES;
				IPHONEOS_DEPLOYMENT_TARGET = 3.1;
				SDKROOT = iphoneos;
			};
			name = Debug;
		};
		E5257A0513CDDA1400BDC69D /* Release */ = {
			isa = XCBuildConfiguration;
			buildSettings = {
				ALWAYS_SEARCH_USER_PATHS = NO;
				ARCHS = "$(ARCHS_STANDARD_32_BIT)";
				CLANG_ENABLE_OBJC_ARC = YES;
				"CODE_SIGN_IDENTITY[sdk=iphoneos*]" = "iPhone Developer";
				COPY_PHASE_STRIP = YES;
				GCC_C_LANGUAGE_STANDARD = gnu99;
				GCC_VERSION = com.apple.compilers.llvmgcc42;
				GCC_WARN_ABOUT_MISSING_PROTOTYPES = YES;
				GCC_WARN_ABOUT_RETURN_TYPE = YES;
				GCC_WARN_UNUSED_VARIABLE = YES;
				IPHONEOS_DEPLOYMENT_TARGET = 3.1;
				SDKROOT = iphoneos;
				VALIDATE_PRODUCT = YES;
			};
			name = Release;
		};
		E5257A0713CDDA1400BDC69D /* Debug */ = {
			isa = XCBuildConfiguration;
			buildSettings = {
				ALWAYS_SEARCH_USER_PATHS = YES;
				COPY_PHASE_STRIP = NO;
				FRAMEWORK_SEARCH_PATHS = /Users/Shared/PhoneGap/Frameworks;
				GCC_DYNAMIC_NO_PIC = NO;
				GCC_PRECOMPILE_PREFIX_HEADER = YES;
				GCC_PREFIX_HEADER = "camera_demo/camera_demo-Prefix.pch";
				GCC_PREPROCESSOR_DEFINITIONS = "PHONEGAP_FRAMEWORK=YES";
				INFOPLIST_FILE = "camera_demo/camera_demo-Info.plist";
				PRODUCT_NAME = "$(TARGET_NAME)";
				WRAPPER_EXTENSION = app;
			};
			name = Debug;
		};
		E5257A0813CDDA1400BDC69D /* Release */ = {
			isa = XCBuildConfiguration;
			buildSettings = {
				ALWAYS_SEARCH_USER_PATHS = YES;
				COPY_PHASE_STRIP = YES;
				DEBUG_INFORMATION_FORMAT = "dwarf-with-dsym";
				FRAMEWORK_SEARCH_PATHS = /Users/Shared/PhoneGap/Frameworks;
				GCC_PRECOMPILE_PREFIX_HEADER = YES;
				GCC_PREFIX_HEADER = "camera_demo/camera_demo-Prefix.pch";
				GCC_PREPROCESSOR_DEFINITIONS = "PHONEGAP_FRAMEWORK=YES";
				INFOPLIST_FILE = "camera_demo/camera_demo-Info.plist";
				PRODUCT_NAME = "$(TARGET_NAME)";
				VALIDATE_PRODUCT = YES;
				WRAPPER_EXTENSION = app;
			};
			name = Release;
		};
/* End XCBuildConfiguration section */

/* Begin XCConfigurationList section */
		E52579B913CDDA1200BDC69D /* Build configuration list for PBXProject "camera_demo" */ = {
			isa = XCConfigurationList;
			buildConfigurations = (
				E5257A0413CDDA1400BDC69D /* Debug */,
				E5257A0513CDDA1400BDC69D /* Release */,
			);
			defaultConfigurationIsVisible = 0;
			defaultConfigurationName = Release;
		};
		E5257A0613CDDA1400BDC69D /* Build configuration list for PBXNativeTarget "camera_demo" */ = {
			isa = XCConfigurationList;
			buildConfigurations = (
				E5257A0713CDDA1400BDC69D /* Debug */,
				E5257A0813CDDA1400BDC69D /* Release */,
			);
			defaultConfigurationIsVisible = 0;
		};
/* End XCConfigurationList section */
	};
	rootObject = E52579B613CDDA1200BDC69D /* Project object */;
}
